// !$*UTF8*$!
{
	archiveVersion = 1;
	classes = {
	};
	objectVersion = 46;
	objects = {

/* Begin PBXBuildFile section */
		212743451EEA6A8E00CDDAC2 /* CollectionViewController.m in Sources */ = {isa = PBXBuildFile; fileRef = 212743441EEA6A8E00CDDAC2 /* CollectionViewController.m */; };
		212743481EEA723300CDDAC2 /* CustomCollectionViewCell.m in Sources */ = {isa = PBXBuildFile; fileRef = 212743471EEA723300CDDAC2 /* CustomCollectionViewCell.m */; };
		216C9D541EE9A9F500A2283A /* main.m in Sources */ = {isa = PBXBuildFile; fileRef = 216C9D531EE9A9F500A2283A /* main.m */; };
		216C9D571EE9A9F500A2283A /* AppDelegate.m in Sources */ = {isa = PBXBuildFile; fileRef = 216C9D561EE9A9F500A2283A /* AppDelegate.m */; };
		216C9D5D1EE9A9F500A2283A /* Main.storyboard in Resources */ = {isa = PBXBuildFile; fileRef = 216C9D5B1EE9A9F500A2283A /* Main.storyboard */; };
		216C9D5F1EE9A9F500A2283A /* Assets.xcassets in Resources */ = {isa = PBXBuildFile; fileRef = 216C9D5E1EE9A9F500A2283A /* Assets.xcassets */; };
		216C9D621EE9A9F500A2283A /* LaunchScreen.storyboard in Resources */ = {isa = PBXBuildFile; fileRef = 216C9D601EE9A9F500A2283A /* LaunchScreen.storyboard */; };
		219FCA011EEFA94400AD43AD /* Giphy.m in Sources */ = {isa = PBXBuildFile; fileRef = 219FCA001EEFA94400AD43AD /* Giphy.m */; };
		219FCA041EF0671200AD43AD /* DetailViewController.m in Sources */ = {isa = PBXBuildFile; fileRef = 219FCA031EF0671100AD43AD /* DetailViewController.m */; };
/* End PBXBuildFile section */

/* Begin PBXFileReference section */
		212743431EEA6A8E00CDDAC2 /* CollectionViewController.h */ = {isa = PBXFileReference; fileEncoding = 4; lastKnownFileType = sourcecode.c.h; path = CollectionViewController.h; sourceTree = "<group>"; };
		212743441EEA6A8E00CDDAC2 /* CollectionViewController.m */ = {isa = PBXFileReference; fileEncoding = 4; lastKnownFileType = sourcecode.c.objc; path = CollectionViewController.m; sourceTree = "<group>"; };
		212743461EEA723300CDDAC2 /* CustomCollectionViewCell.h */ = {isa = PBXFileReference; fileEncoding = 4; lastKnownFileType = sourcecode.c.h; path = CustomCollectionViewCell.h; sourceTree = "<group>"; };
		212743471EEA723300CDDAC2 /* CustomCollectionViewCell.m */ = {isa = PBXFileReference; fileEncoding = 4; lastKnownFileType = sourcecode.c.objc; path = CustomCollectionViewCell.m; sourceTree = "<group>"; };
		216C9D4F1EE9A9F500A2283A /* GifViewer.app */ = {isa = PBXFileReference; explicitFileType = wrapper.application; includeInIndex = 0; path = GifViewer.app; sourceTree = BUILT_PRODUCTS_DIR; };
		216C9D531EE9A9F500A2283A /* main.m */ = {isa = PBXFileReference; lastKnownFileType = sourcecode.c.objc; path = main.m; sourceTree = "<group>"; };
		216C9D551EE9A9F500A2283A /* AppDelegate.h */ = {isa = PBXFileReference; lastKnownFileType = sourcecode.c.h; path = AppDelegate.h; sourceTree = "<group>"; };
		216C9D561EE9A9F500A2283A /* AppDelegate.m */ = {isa = PBXFileReference; lastKnownFileType = sourcecode.c.objc; path = AppDelegate.m; sourceTree = "<group>"; };
		216C9D5C1EE9A9F500A2283A /* Base */ = {isa = PBXFileReference; lastKnownFileType = file.storyboard; name = Base; path = Base.lproj/Main.storyboard; sourceTree = "<group>"; };
		216C9D5E1EE9A9F500A2283A /* Assets.xcassets */ = {isa = PBXFileReference; lastKnownFileType = folder.assetcatalog; path = Assets.xcassets; sourceTree = "<group>"; };
		216C9D611EE9A9F500A2283A /* Base */ = {isa = PBXFileReference; lastKnownFileType = file.storyboard; name = Base; path = Base.lproj/LaunchScreen.storyboard; sourceTree = "<group>"; };
		216C9D631EE9A9F500A2283A /* Info.plist */ = {isa = PBXFileReference; lastKnownFileType = text.plist.xml; path = Info.plist; sourceTree = "<group>"; };
		219FC9FF1EEFA94400AD43AD /* Giphy.h */ = {isa = PBXFileReference; fileEncoding = 4; lastKnownFileType = sourcecode.c.h; path = Giphy.h; sourceTree = "<group>"; };
		219FCA001EEFA94400AD43AD /* Giphy.m */ = {isa = PBXFileReference; fileEncoding = 4; lastKnownFileType = sourcecode.c.objc; path = Giphy.m; sourceTree = "<group>"; };
		219FCA021EF0671100AD43AD /* DetailViewController.h */ = {isa = PBXFileReference; fileEncoding = 4; lastKnownFileType = sourcecode.c.h; path = DetailViewController.h; sourceTree = "<group>"; };
		219FCA031EF0671100AD43AD /* DetailViewController.m */ = {isa = PBXFileReference; fileEncoding = 4; lastKnownFileType = sourcecode.c.objc; path = DetailViewController.m; sourceTree = "<group>"; };
/* End PBXFileReference section */

/* Begin PBXFrameworksBuildPhase section */
		216C9D4C1EE9A9F400A2283A /* Frameworks */ = {
			isa = PBXFrameworksBuildPhase;
			buildActionMask = 2147483647;
			files = (
			);
			runOnlyForDeploymentPostprocessing = 0;
		};
/* End PBXFrameworksBuildPhase section */

/* Begin PBXGroup section */
		216C9D461EE9A9F400A2283A = {
			isa = PBXGroup;
			children = (
				216C9D511EE9A9F500A2283A /* GifViewer */,
				216C9D501EE9A9F500A2283A /* Products */,
			);
			sourceTree = "<group>";
		};
		216C9D501EE9A9F500A2283A /* Products */ = {
			isa = PBXGroup;
			children = (
				216C9D4F1EE9A9F500A2283A /* GifViewer.app */,
			);
			name = Products;
			sourceTree = "<group>";
		};
		216C9D511EE9A9F500A2283A /* GifViewer */ = {
			isa = PBXGroup;
			children = (
				216C9D551EE9A9F500A2283A /* AppDelegate.h */,
				216C9D561EE9A9F500A2283A /* AppDelegate.m */,
				212743431EEA6A8E00CDDAC2 /* CollectionViewController.h */,
				212743441EEA6A8E00CDDAC2 /* CollectionViewController.m */,
				212743461EEA723300CDDAC2 /* CustomCollectionViewCell.h */,
				212743471EEA723300CDDAC2 /* CustomCollectionViewCell.m */,
				219FCA021EF0671100AD43AD /* DetailViewController.h */,
				219FCA031EF0671100AD43AD /* DetailViewController.m */,
				219FC9FF1EEFA94400AD43AD /* Giphy.h */,
				219FCA001EEFA94400AD43AD /* Giphy.m */,
				216C9D5B1EE9A9F500A2283A /* Main.storyboard */,
				216C9D5E1EE9A9F500A2283A /* Assets.xcassets */,
				216C9D601EE9A9F500A2283A /* LaunchScreen.storyboard */,
				216C9D631EE9A9F500A2283A /* Info.plist */,
				216C9D521EE9A9F500A2283A /* Supporting Files */,
			);
			path = GifViewer;
			sourceTree = "<group>";
		};
		216C9D521EE9A9F500A2283A /* Supporting Files */ = {
			isa = PBXGroup;
			children = (
				216C9D531EE9A9F500A2283A /* main.m */,
			);
			name = "Supporting Files";
			sourceTree = "<group>";
		};
/* End PBXGroup section */

/* Begin PBXNativeTarget section */
		216C9D4E1EE9A9F400A2283A /* GifViewer */ = {
			isa = PBXNativeTarget;
			buildConfigurationList = 216C9D661EE9A9F500A2283A /* Build configuration list for PBXNativeTarget "GifViewer" */;
			buildPhases = (
				216C9D4B1EE9A9F400A2283A /* Sources */,
				216C9D4C1EE9A9F400A2283A /* Frameworks */,
				216C9D4D1EE9A9F400A2283A /* Resources */,
			);
			buildRules = (
			);
			dependencies = (
			);
			name = GifViewer;
			productName = GifViewer;
			productReference = 216C9D4F1EE9A9F500A2283A /* GifViewer.app */;
			productType = "com.apple.product-type.application";
		};
/* End PBXNativeTarget section */

/* Begin PBXProject section */
		216C9D471EE9A9F400A2283A /* Project object */ = {
			isa = PBXProject;
			attributes = {
				LastUpgradeCheck = 0830;
				ORGANIZATIONNAME = "AJ Inc";
				TargetAttributes = {
					216C9D4E1EE9A9F400A2283A = {
						CreatedOnToolsVersion = 8.3.2;
						DevelopmentTeam = SS4NDGM5S9;
						ProvisioningStyle = Automatic;
					};
				};
			};
			buildConfigurationList = 216C9D4A1EE9A9F400A2283A /* Build configuration list for PBXProject "GifViewer" */;
			compatibilityVersion = "Xcode 3.2";
			developmentRegion = English;
			hasScannedForEncodings = 0;
			knownRegions = (
				en,
				Base,
			);
			mainGroup = 216C9D461EE9A9F400A2283A;
			productRefGroup = 216C9D501EE9A9F500A2283A /* Products */;
			projectDirPath = "";
			projectRoot = "";
			targets = (
				216C9D4E1EE9A9F400A2283A /* GifViewer */,
			);
		};
/* End PBXProject section */

/* Begin PBXResourcesBuildPhase section */
		216C9D4D1EE9A9F400A2283A /* Resources */ = {
			isa = PBXResourcesBuildPhase;
			buildActionMask = 2147483647;
			files = (
				216C9D621EE9A9F500A2283A /* LaunchScreen.storyboard in Resources */,
				216C9D5F1EE9A9F500A2283A /* Assets.xcassets in Resources */,
				216C9D5D1EE9A9F500A2283A /* Main.storyboard in Resources */,
			);
			runOnlyForDeploymentPostprocessing = 0;
		};
/* End PBXResourcesBuildPhase section */

/* Begin PBXSourcesBuildPhase section */
		216C9D4B1EE9A9F400A2283A /* Sources */ = {
			isa = PBXSourcesBuildPhase;
			buildActionMask = 2147483647;
			files = (
				216C9D571EE9A9F500A2283A /* AppDelegate.m in Sources */,
				216C9D541EE9A9F500A2283A /* main.m in Sources */,
				219FCA011EEFA94400AD43AD /* Giphy.m in Sources */,
				212743451EEA6A8E00CDDAC2 /* CollectionViewController.m in Sources */,
				212743481EEA723300CDDAC2 /* CustomCollectionViewCell.m in Sources */,
				219FCA041EF0671200AD43AD /* DetailViewController.m in Sources */,
			);
			runOnlyForDeploymentPostprocessing = 0;
		};
/* End PBXSourcesBuildPhase section */

/* Begin PBXVariantGroup section */
		216C9D5B1EE9A9F500A2283A /* Main.storyboard */ = {
			isa = PBXVariantGroup;
			children = (
				216C9D5C1EE9A9F500A2283A /* Base */,
			);
			name = Main.storyboard;
			sourceTree = "<group>";
		};
		216C9D601EE9A9F500A2283A /* LaunchScreen.storyboard */ = {
			isa = PBXVariantGroup;
			children = (
				216C9D611EE9A9F500A2283A /* Base */,
			);
			name = LaunchScreen.storyboard;
			sourceTree = "<group>";
		};
/* End PBXVariantGroup section */

/* Begin XCBuildConfiguration section */
		216C9D641EE9A9F500A2283A /* Debug */ = {
			isa = XCBuildConfiguration;
			buildSettings = {
				ALWAYS_SEARCH_USER_PATHS = NO;
				CLANG_ANALYZER_NONNULL = YES;
				CLANG_ANALYZER_NUMBER_OBJECT_CONVERSION = YES_AGGRESSIVE;
				CLANG_CXX_LANGUAGE_STANDARD = "gnu++0x";
				CLANG_CXX_LIBRARY = "libc++";
				CLANG_ENABLE_MODULES = YES;
				CLANG_ENABLE_OBJC_ARC = YES;
				CLANG_WARN_BOOL_CONVERSION = YES;
				CLANG_WARN_CONSTANT_CONVERSION = YES;
				CLANG_WARN_DIRECT_OBJC_ISA_USAGE = YES_ERROR;
				CLANG_WARN_DOCUMENTATION_COMMENTS = YES;
				CLANG_WARN_EMPTY_BODY = YES;
				CLANG_WARN_ENUM_CONVERSION = YES;
				CLANG_WARN_INFINITE_RECURSION = YES;
				CLANG_WARN_INT_CONVERSION = YES;
				CLANG_WARN_OBJC_ROOT_CLASS = YES_ERROR;
				CLANG_WARN_SUSPICIOUS_MOVE = YES;
				CLANG_WARN_UNREACHABLE_CODE = YES;
				CLANG_WARN__DUPLICATE_METHOD_MATCH = YES;
				"CODE_SIGN_IDENTITY[sdk=iphoneos*]" = "iPhone Developer";
				COPY_PHASE_STRIP = NO;
				DEBUG_INFORMATION_FORMAT = dwarf;
				ENABLE_STRICT_OBJC_MSGSEND = YES;
				ENABLE_TESTABILITY = YES;
				GCC_C_LANGUAGE_STANDARD = gnu99;
				GCC_DYNAMIC_NO_PIC = NO;
				GCC_NO_COMMON_BLOCKS = YES;
				GCC_OPTIMIZATION_LEVEL = 0;
				GCC_PREPROCESSOR_DEFINITIONS = (
					"DEBUG=1",
					"$(inherited)",
				);
				GCC_WARN_64_TO_32_BIT_CONVERSION = YES;
				GCC_WARN_ABOUT_RETURN_TYPE = YES_ERROR;
				GCC_WARN_UNDECLARED_SELECTOR = YES;
				GCC_WARN_UNINITIALIZED_AUTOS = YES_AGGRESSIVE;
				GCC_WARN_UNUSED_FUNCTION = YES;
				GCC_WARN_UNUSED_VARIABLE = YES;
				IPHONEOS_DEPLOYMENT_TARGET = 10.3;
				MTL_ENABLE_DEBUG_INFO = YES;
				ONLY_ACTIVE_ARCH = YES;
				SDKROOT = iphoneos;
			};
			name = Debug;
		};
		216C9D651EE9A9F500A2283A /* Release */ = {
			isa = XCBuildConfiguration;
			buildSettings = {
				ALWAYS_SEARCH_USER_PATHS = NO;
				CLANG_ANALYZER_NONNULL = YES;
				CLANG_ANALYZER_NUMBER_OBJECT_CONVERSION = YES_AGGRESSIVE;
				CLANG_CXX_LANGUAGE_STANDARD = "gnu++0x";
				CLANG_CXX_LIBRARY = "libc++";
				CLANG_ENABLE_MODULES = YES;
				CLANG_ENABLE_OBJC_ARC = YES;
				CLANG_WARN_BOOL_CONVERSION = YES;
				CLANG_WARN_CONSTANT_CONVERSION = YES;
				CLANG_WARN_DIRECT_OBJC_ISA_USAGE = YES_ERROR;
				CLANG_WARN_DOCUMENTATION_COMMENTS = YES;
				CLANG_WARN_EMPTY_BODY = YES;
				CLANG_WARN_ENUM_CONVERSION = YES;
				CLANG_WARN_INFINITE_RECURSION = YES;
				CLANG_WARN_INT_CONVERSION = YES;
				CLANG_WARN_OBJC_ROOT_CLASS = YES_ERROR;
				CLANG_WARN_SUSPICIOUS_MOVE = YES;
				CLANG_WARN_UNREACHABLE_CODE = YES;
				CLANG_WARN__DUPLICATE_METHOD_MATCH = YES;
				"CODE_SIGN_IDENTITY[sdk=iphoneos*]" = "iPhone Developer";
				COPY_PHASE_STRIP = NO;
				DEBUG_INFORMATION_FORMAT = "dwarf-with-dsym";
				ENABLE_NS_ASSERTIONS = NO;
				ENABLE_STRICT_OBJC_MSGSEND = YES;
				GCC_C_LANGUAGE_STANDARD = gnu99;
				GCC_NO_COMMON_BLOCKS = YES;
				GCC_WARN_64_TO_32_BIT_CONVERSION = YES;
				GCC_WARN_ABOUT_RETURN_TYPE = YES_ERROR;
				GCC_WARN_UNDECLARED_SELECTOR = YES;
				GCC_WARN_UNINITIALIZED_AUTOS = YES_AGGRESSIVE;
				GCC_WARN_UNUSED_FUNCTION = YES;
				GCC_WARN_UNUSED_VARIABLE = YES;
				IPHONEOS_DEPLOYMENT_TARGET = 10.3;
				MTL_ENABLE_DEBUG_INFO = NO;
				SDKROOT = iphoneos;
				VALIDATE_PRODUCT = YES;
			};
			name = Release;
		};
		216C9D671EE9A9F500A2283A /* Debug */ = {
			isa = XCBuildConfiguration;
			buildSettings = {
				ASSETCATALOG_COMPILER_APPICON_NAME = AppIcon;
				DEVELOPMENT_TEAM = SS4NDGM5S9;
				INFOPLIST_FILE = GifViewer/Info.plist;
				LD_RUNPATH_SEARCH_PATHS = "$(inherited) @executable_path/Frameworks";
				PRODUCT_BUNDLE_IDENTIFIER = Aj.GifViewer;
				PRODUCT_NAME = "$(TARGET_NAME)";
			};
			name = Debug;
		};
		216C9D681EE9A9F500A2283A /* Release */ = {
			isa = XCBuildConfiguration;
			buildSettings = {
				ASSETCATALOG_COMPILER_APPICON_NAME = AppIcon;
				DEVELOPMENT_TEAM = SS4NDGM5S9;
				INFOPLIST_FILE = GifViewer/Info.plist;
				LD_RUNPATH_SEARCH_PATHS = "$(inherited) @executable_path/Frameworks";
				PRODUCT_BUNDLE_IDENTIFIER = Aj.GifViewer;
				PRODUCT_NAME = "$(TARGET_NAME)";
			};
			name = Release;
		};
/* End XCBuildConfiguration section */

/* Begin XCConfigurationList section */
		216C9D4A1EE9A9F400A2283A /* Build configuration list for PBXProject "GifViewer" */ = {
			isa = XCConfigurationList;
			buildConfigurations = (
				216C9D641EE9A9F500A2283A /* Debug */,
				216C9D651EE9A9F500A2283A /* Release */,
			);
			defaultConfigurationIsVisible = 0;
			defaultConfigurationName = Release;
		};
		216C9D661EE9A9F500A2283A /* Build configuration list for PBXNativeTarget "GifViewer" */ = {
			isa = XCConfigurationList;
			buildConfigurations = (
				216C9D671EE9A9F500A2283A /* Debug */,
				216C9D681EE9A9F500A2283A /* Release */,
			);
			defaultConfigurationIsVisible = 0;
			defaultConfigurationName = Release;
		};
/* End XCConfigurationList section */
	};
	rootObject = 216C9D471EE9A9F400A2283A /* Project object */;
}
